// !$*UTF8*$!
{
	archiveVersion = 1;
	classes = {
	};
	objectVersion = 55;
	objects = {

/* Begin PBXBuildFile section */
		16FF9418FDB5CD76BC36261B /* Pods_Shop.framework in Frameworks */ = {isa = PBXBuildFile; fileRef = 3938E6AACECBE05953822E8A /* Pods_Shop.framework */; };
		A50CDDF82819125800E3DB7C /* MainScreenView.swift in Sources */ = {isa = PBXBuildFile; fileRef = A50CDDF72819125800E3DB7C /* MainScreenView.swift */; };
		A50CDDFA2819225000E3DB7C /* MainScreenViewController.swift in Sources */ = {isa = PBXBuildFile; fileRef = A50CDDF92819225000E3DB7C /* MainScreenViewController.swift */; };
		A50CDDFC2819285E00E3DB7C /* SearchViewController.swift in Sources */ = {isa = PBXBuildFile; fileRef = A50CDDFB2819285E00E3DB7C /* SearchViewController.swift */; };
		A50CDDFE2819288B00E3DB7C /* OrdersViewController.swift in Sources */ = {isa = PBXBuildFile; fileRef = A50CDDFD2819288B00E3DB7C /* OrdersViewController.swift */; };
		A50CDE00281928B500E3DB7C /* NotificationsViewController.swift in Sources */ = {isa = PBXBuildFile; fileRef = A50CDDFF281928B500E3DB7C /* NotificationsViewController.swift */; };
		A50CDE02281928D100E3DB7C /* ProfileViewController.swift in Sources */ = {isa = PBXBuildFile; fileRef = A50CDE01281928D100E3DB7C /* ProfileViewController.swift */; };
		A5171A3E283512BB00951F94 /* IKnowWhatIWantViewController.swift in Sources */ = {isa = PBXBuildFile; fileRef = A5171A3D283512BB00951F94 /* IKnowWhatIWantViewController.swift */; };
		A5171A40283512D700951F94 /* IKnowWhatIWantView.swift in Sources */ = {isa = PBXBuildFile; fileRef = A5171A3F283512D700951F94 /* IKnowWhatIWantView.swift */; };
		A56DDDE62816B2FA00A6563B /* AppDelegate.swift in Sources */ = {isa = PBXBuildFile; fileRef = A56DDDE52816B2FA00A6563B /* AppDelegate.swift */; };
		A56DDDE82816B2FA00A6563B /* SceneDelegate.swift in Sources */ = {isa = PBXBuildFile; fileRef = A56DDDE72816B2FA00A6563B /* SceneDelegate.swift */; };
		A56DDDEA2816B2FA00A6563B /* LoginViewController.swift in Sources */ = {isa = PBXBuildFile; fileRef = A56DDDE92816B2FA00A6563B /* LoginViewController.swift */; };
		A56DDDEF2816B2FA00A6563B /* Assets.xcassets in Resources */ = {isa = PBXBuildFile; fileRef = A56DDDEE2816B2FA00A6563B /* Assets.xcassets */; };
		A56DDDF22816B2FA00A6563B /* LaunchScreen.storyboard in Resources */ = {isa = PBXBuildFile; fileRef = A56DDDF02816B2FA00A6563B /* LaunchScreen.storyboard */; };
		A56DDDFF2816B4C000A6563B /* LoginView.swift in Sources */ = {isa = PBXBuildFile; fileRef = A56DDDFE2816B4C000A6563B /* LoginView.swift */; };
		A56DDE132816C13400A6563B /* Poppins-Bold.ttf in Resources */ = {isa = PBXBuildFile; fileRef = A56DDE072816C11000A6563B /* Poppins-Bold.ttf */; };
		A56DDE142816C13700A6563B /* Poppins-BlackItalic.ttf in Resources */ = {isa = PBXBuildFile; fileRef = A56DDE102816C11000A6563B /* Poppins-BlackItalic.ttf */; };
		A56DDE152816C13B00A6563B /* Poppins-Black.ttf in Resources */ = {isa = PBXBuildFile; fileRef = A56DDE0B2816C11000A6563B /* Poppins-Black.ttf */; };
		A56DDE162816C13E00A6563B /* Poppins-BoldItalic.ttf in Resources */ = {isa = PBXBuildFile; fileRef = A56DDE0C2816C11000A6563B /* Poppins-BoldItalic.ttf */; };
		A56DDE172816C14100A6563B /* Poppins-ExtraBold.ttf in Resources */ = {isa = PBXBuildFile; fileRef = A56DDE032816C10F00A6563B /* Poppins-ExtraBold.ttf */; };
		A56DDE182816C14300A6563B /* Poppins-ExtraBoldItalic.ttf in Resources */ = {isa = PBXBuildFile; fileRef = A56DDE0E2816C11000A6563B /* Poppins-ExtraBoldItalic.ttf */; };
		A56DDE192816C14500A6563B /* Poppins-ExtraLight.ttf in Resources */ = {isa = PBXBuildFile; fileRef = A56DDE062816C11000A6563B /* Poppins-ExtraLight.ttf */; };
		A56DDE1A2816C14800A6563B /* Poppins-ExtraLightItalic.ttf in Resources */ = {isa = PBXBuildFile; fileRef = A56DDE052816C11000A6563B /* Poppins-ExtraLightItalic.ttf */; };
		A56DDE1B2816C14B00A6563B /* Poppins-Italic.ttf in Resources */ = {isa = PBXBuildFile; fileRef = A56DDE082816C11000A6563B /* Poppins-Italic.ttf */; };
		A56DDE1C2816C14E00A6563B /* Poppins-Light.ttf in Resources */ = {isa = PBXBuildFile; fileRef = A56DDE092816C11000A6563B /* Poppins-Light.ttf */; };
		A56DDE1D2816C15000A6563B /* Poppins-LightItalic.ttf in Resources */ = {isa = PBXBuildFile; fileRef = A56DDE022816C10F00A6563B /* Poppins-LightItalic.ttf */; };
		A56DDE1E2816C15700A6563B /* Poppins-Thin.ttf in Resources */ = {isa = PBXBuildFile; fileRef = A56DDE0F2816C11000A6563B /* Poppins-Thin.ttf */; };
		A56DDE1F2816C15700A6563B /* Poppins-MediumItalic.ttf in Resources */ = {isa = PBXBuildFile; fileRef = A56DDE122816C11000A6563B /* Poppins-MediumItalic.ttf */; };
		A56DDE202816C15700A6563B /* Poppins-Medium.ttf in Resources */ = {isa = PBXBuildFile; fileRef = A56DDE042816C11000A6563B /* Poppins-Medium.ttf */; };
		A56DDE212816C15700A6563B /* Poppins-SemiBoldItalic.ttf in Resources */ = {isa = PBXBuildFile; fileRef = A56DDE0A2816C11000A6563B /* Poppins-SemiBoldItalic.ttf */; };
		A56DDE222816C15700A6563B /* Poppins-ThinItalic.ttf in Resources */ = {isa = PBXBuildFile; fileRef = A56DDE012816C10F00A6563B /* Poppins-ThinItalic.ttf */; };
		A56DDE232816C15700A6563B /* Poppins-SemiBold.ttf in Resources */ = {isa = PBXBuildFile; fileRef = A56DDE112816C11000A6563B /* Poppins-SemiBold.ttf */; };
		A56DDE242816C15700A6563B /* Poppins-Regular.ttf in Resources */ = {isa = PBXBuildFile; fileRef = A56DDE0D2816C11000A6563B /* Poppins-Regular.ttf */; };
		A56DDE262816F0C200A6563B /* PhoneNumbersTableView.swift in Sources */ = {isa = PBXBuildFile; fileRef = A56DDE252816F0C200A6563B /* PhoneNumbersTableView.swift */; };
		A56DDE282816F0D600A6563B /* PhoneNumbersTableViewController.swift in Sources */ = {isa = PBXBuildFile; fileRef = A56DDE272816F0D600A6563B /* PhoneNumbersTableViewController.swift */; };
		A56DDE2A2816F3D500A6563B /* Test.storyboard in Resources */ = {isa = PBXBuildFile; fileRef = A56DDE292816F3D500A6563B /* Test.storyboard */; };
		A56DDE2C2816FAB100A6563B /* CountriesData.swift in Sources */ = {isa = PBXBuildFile; fileRef = A56DDE2B2816FAB100A6563B /* CountriesData.swift */; };
		A56DDE2E28172AF600A6563B /* MobileVeritificationView.swift in Sources */ = {isa = PBXBuildFile; fileRef = A56DDE2D28172AF500A6563B /* MobileVeritificationView.swift */; };
		A56DDE3028172B0F00A6563B /* MobileVeritificationViewController.swift in Sources */ = {isa = PBXBuildFile; fileRef = A56DDE2F28172B0E00A6563B /* MobileVeritificationViewController.swift */; };
		A56DDE362817C1FC00A6563B /* MobileVerifTableViewCell.swift in Sources */ = {isa = PBXBuildFile; fileRef = A56DDE352817C1FC00A6563B /* MobileVerifTableViewCell.swift */; };
		A56DDE382817DE4B00A6563B /* String.swift in Sources */ = {isa = PBXBuildFile; fileRef = A56DDE372817DE4B00A6563B /* String.swift */; };
		A56DDE3B2817E6CD00A6563B /* Constants.swift in Sources */ = {isa = PBXBuildFile; fileRef = A56DDE3A2817E6CD00A6563B /* Constants.swift */; };
		A56DDE3F28181C9400A6563B /* OneTimeCodeTextField.swift in Sources */ = {isa = PBXBuildFile; fileRef = A56DDE3E28181C9400A6563B /* OneTimeCodeTextField.swift */; };
		A56DDE4128181CD100A6563B /* OneTimeCodeTextFieldDelegate.swift in Sources */ = {isa = PBXBuildFile; fileRef = A56DDE4028181CD100A6563B /* OneTimeCodeTextFieldDelegate.swift */; };
		A56E0C9D282A928A0067F4FC /* AdsCollectionViewCell.swift in Sources */ = {isa = PBXBuildFile; fileRef = A56E0C9C282A928A0067F4FC /* AdsCollectionViewCell.swift */; };
		A56E0C9F282A93DC0067F4FC /* Adds.swift in Sources */ = {isa = PBXBuildFile; fileRef = A56E0C9E282A93DC0067F4FC /* Adds.swift */; };
		A56E0CA1282AAC220067F4FC /* Malls.swift in Sources */ = {isa = PBXBuildFile; fileRef = A56E0CA0282AAC220067F4FC /* Malls.swift */; };
		A56E0CA3282AACB60067F4FC /* MallsCollectionViewCell.swift in Sources */ = {isa = PBXBuildFile; fileRef = A56E0CA2282AACB60067F4FC /* MallsCollectionViewCell.swift */; };
		A5AA9D9328338F5A0009AD27 /* CategoriesCollectionViewCell.swift in Sources */ = {isa = PBXBuildFile; fileRef = A5AA9D9228338F5A0009AD27 /* CategoriesCollectionViewCell.swift */; };
		A5AA9D952833C4C80009AD27 /* AddAdressView.swift in Sources */ = {isa = PBXBuildFile; fileRef = A5AA9D942833C4C80009AD27 /* AddAdressView.swift */; };
		A5AA9D972833C4EB0009AD27 /* AddAdressViewController.swift in Sources */ = {isa = PBXBuildFile; fileRef = A5AA9D962833C4EB0009AD27 /* AddAdressViewController.swift */; };
/* End PBXBuildFile section */

/* Begin PBXFileReference section */
		36F0A92949553C2205EED6BD /* Pods-Shop.debug.xcconfig */ = {isa = PBXFileReference; includeInIndex = 1; lastKnownFileType = text.xcconfig; name = "Pods-Shop.debug.xcconfig"; path = "Target Support Files/Pods-Shop/Pods-Shop.debug.xcconfig"; sourceTree = "<group>"; };
		3938E6AACECBE05953822E8A /* Pods_Shop.framework */ = {isa = PBXFileReference; explicitFileType = wrapper.framework; includeInIndex = 0; path = Pods_Shop.framework; sourceTree = BUILT_PRODUCTS_DIR; };
		6E7BF92014AA55BF345AB04F /* Pods-Shop.release.xcconfig */ = {isa = PBXFileReference; includeInIndex = 1; lastKnownFileType = text.xcconfig; name = "Pods-Shop.release.xcconfig"; path = "Target Support Files/Pods-Shop/Pods-Shop.release.xcconfig"; sourceTree = "<group>"; };
		A50CDDF72819125800E3DB7C /* MainScreenView.swift */ = {isa = PBXFileReference; lastKnownFileType = sourcecode.swift; path = MainScreenView.swift; sourceTree = "<group>"; };
		A50CDDF92819225000E3DB7C /* MainScreenViewController.swift */ = {isa = PBXFileReference; lastKnownFileType = sourcecode.swift; path = MainScreenViewController.swift; sourceTree = "<group>"; };
		A50CDDFB2819285E00E3DB7C /* SearchViewController.swift */ = {isa = PBXFileReference; lastKnownFileType = sourcecode.swift; path = SearchViewController.swift; sourceTree = "<group>"; };
		A50CDDFD2819288B00E3DB7C /* OrdersViewController.swift */ = {isa = PBXFileReference; lastKnownFileType = sourcecode.swift; path = OrdersViewController.swift; sourceTree = "<group>"; };
		A50CDDFF281928B500E3DB7C /* NotificationsViewController.swift */ = {isa = PBXFileReference; lastKnownFileType = sourcecode.swift; path = NotificationsViewController.swift; sourceTree = "<group>"; };
		A50CDE01281928D100E3DB7C /* ProfileViewController.swift */ = {isa = PBXFileReference; lastKnownFileType = sourcecode.swift; path = ProfileViewController.swift; sourceTree = "<group>"; };
		A5171A3D283512BB00951F94 /* IKnowWhatIWantViewController.swift */ = {isa = PBXFileReference; lastKnownFileType = sourcecode.swift; path = IKnowWhatIWantViewController.swift; sourceTree = "<group>"; };
		A5171A3F283512D700951F94 /* IKnowWhatIWantView.swift */ = {isa = PBXFileReference; lastKnownFileType = sourcecode.swift; path = IKnowWhatIWantView.swift; sourceTree = "<group>"; };
		A56DDDE22816B2FA00A6563B /* Shop.app */ = {isa = PBXFileReference; explicitFileType = wrapper.application; includeInIndex = 0; path = Shop.app; sourceTree = BUILT_PRODUCTS_DIR; };
		A56DDDE52816B2FA00A6563B /* AppDelegate.swift */ = {isa = PBXFileReference; lastKnownFileType = sourcecode.swift; path = AppDelegate.swift; sourceTree = "<group>"; };
		A56DDDE72816B2FA00A6563B /* SceneDelegate.swift */ = {isa = PBXFileReference; lastKnownFileType = sourcecode.swift; path = SceneDelegate.swift; sourceTree = "<group>"; };
		A56DDDE92816B2FA00A6563B /* LoginViewController.swift */ = {isa = PBXFileReference; lastKnownFileType = sourcecode.swift; path = LoginViewController.swift; sourceTree = "<group>"; };
		A56DDDEE2816B2FA00A6563B /* Assets.xcassets */ = {isa = PBXFileReference; lastKnownFileType = folder.assetcatalog; path = Assets.xcassets; sourceTree = "<group>"; };
		A56DDDF12816B2FA00A6563B /* Base */ = {isa = PBXFileReference; lastKnownFileType = file.storyboard; name = Base; path = Base.lproj/LaunchScreen.storyboard; sourceTree = "<group>"; };
		A56DDDF32816B2FA00A6563B /* Info.plist */ = {isa = PBXFileReference; lastKnownFileType = text.plist.xml; path = Info.plist; sourceTree = "<group>"; };
		A56DDDFE2816B4C000A6563B /* LoginView.swift */ = {isa = PBXFileReference; lastKnownFileType = sourcecode.swift; path = LoginView.swift; sourceTree = "<group>"; };
		A56DDE012816C10F00A6563B /* Poppins-ThinItalic.ttf */ = {isa = PBXFileReference; lastKnownFileType = file; path = "Poppins-ThinItalic.ttf"; sourceTree = "<group>"; };
		A56DDE022816C10F00A6563B /* Poppins-LightItalic.ttf */ = {isa = PBXFileReference; lastKnownFileType = file; path = "Poppins-LightItalic.ttf"; sourceTree = "<group>"; };
		A56DDE032816C10F00A6563B /* Poppins-ExtraBold.ttf */ = {isa = PBXFileReference; lastKnownFileType = file; path = "Poppins-ExtraBold.ttf"; sourceTree = "<group>"; };
		A56DDE042816C11000A6563B /* Poppins-Medium.ttf */ = {isa = PBXFileReference; lastKnownFileType = file; path = "Poppins-Medium.ttf"; sourceTree = "<group>"; };
		A56DDE052816C11000A6563B /* Poppins-ExtraLightItalic.ttf */ = {isa = PBXFileReference; lastKnownFileType = file; path = "Poppins-ExtraLightItalic.ttf"; sourceTree = "<group>"; };
		A56DDE062816C11000A6563B /* Poppins-ExtraLight.ttf */ = {isa = PBXFileReference; lastKnownFileType = file; path = "Poppins-ExtraLight.ttf"; sourceTree = "<group>"; };
		A56DDE072816C11000A6563B /* Poppins-Bold.ttf */ = {isa = PBXFileReference; lastKnownFileType = file; path = "Poppins-Bold.ttf"; sourceTree = "<group>"; };
		A56DDE082816C11000A6563B /* Poppins-Italic.ttf */ = {isa = PBXFileReference; lastKnownFileType = file; path = "Poppins-Italic.ttf"; sourceTree = "<group>"; };
		A56DDE092816C11000A6563B /* Poppins-Light.ttf */ = {isa = PBXFileReference; lastKnownFileType = file; path = "Poppins-Light.ttf"; sourceTree = "<group>"; };
		A56DDE0A2816C11000A6563B /* Poppins-SemiBoldItalic.ttf */ = {isa = PBXFileReference; lastKnownFileType = file; path = "Poppins-SemiBoldItalic.ttf"; sourceTree = "<group>"; };
		A56DDE0B2816C11000A6563B /* Poppins-Black.ttf */ = {isa = PBXFileReference; lastKnownFileType = file; path = "Poppins-Black.ttf"; sourceTree = "<group>"; };
		A56DDE0C2816C11000A6563B /* Poppins-BoldItalic.ttf */ = {isa = PBXFileReference; lastKnownFileType = file; path = "Poppins-BoldItalic.ttf"; sourceTree = "<group>"; };
		A56DDE0D2816C11000A6563B /* Poppins-Regular.ttf */ = {isa = PBXFileReference; lastKnownFileType = file; path = "Poppins-Regular.ttf"; sourceTree = "<group>"; };
		A56DDE0E2816C11000A6563B /* Poppins-ExtraBoldItalic.ttf */ = {isa = PBXFileReference; lastKnownFileType = file; path = "Poppins-ExtraBoldItalic.ttf"; sourceTree = "<group>"; };
		A56DDE0F2816C11000A6563B /* Poppins-Thin.ttf */ = {isa = PBXFileReference; lastKnownFileType = file; path = "Poppins-Thin.ttf"; sourceTree = "<group>"; };
		A56DDE102816C11000A6563B /* Poppins-BlackItalic.ttf */ = {isa = PBXFileReference; lastKnownFileType = file; path = "Poppins-BlackItalic.ttf"; sourceTree = "<group>"; };
		A56DDE112816C11000A6563B /* Poppins-SemiBold.ttf */ = {isa = PBXFileReference; lastKnownFileType = file; path = "Poppins-SemiBold.ttf"; sourceTree = "<group>"; };
		A56DDE122816C11000A6563B /* Poppins-MediumItalic.ttf */ = {isa = PBXFileReference; lastKnownFileType = file; path = "Poppins-MediumItalic.ttf"; sourceTree = "<group>"; };
		A56DDE252816F0C200A6563B /* PhoneNumbersTableView.swift */ = {isa = PBXFileReference; lastKnownFileType = sourcecode.swift; path = PhoneNumbersTableView.swift; sourceTree = "<group>"; };
		A56DDE272816F0D600A6563B /* PhoneNumbersTableViewController.swift */ = {isa = PBXFileReference; lastKnownFileType = sourcecode.swift; path = PhoneNumbersTableViewController.swift; sourceTree = "<group>"; };
		A56DDE292816F3D500A6563B /* Test.storyboard */ = {isa = PBXFileReference; lastKnownFileType = file.storyboard; path = Test.storyboard; sourceTree = "<group>"; };
		A56DDE2B2816FAB100A6563B /* CountriesData.swift */ = {isa = PBXFileReference; lastKnownFileType = sourcecode.swift; path = CountriesData.swift; sourceTree = "<group>"; };
		A56DDE2D28172AF500A6563B /* MobileVeritificationView.swift */ = {isa = PBXFileReference; lastKnownFileType = sourcecode.swift; path = MobileVeritificationView.swift; sourceTree = "<group>"; };
		A56DDE2F28172B0E00A6563B /* MobileVeritificationViewController.swift */ = {isa = PBXFileReference; lastKnownFileType = sourcecode.swift; path = MobileVeritificationViewController.swift; sourceTree = "<group>"; };
		A56DDE352817C1FC00A6563B /* MobileVerifTableViewCell.swift */ = {isa = PBXFileReference; lastKnownFileType = sourcecode.swift; path = MobileVerifTableViewCell.swift; sourceTree = "<group>"; };
		A56DDE372817DE4B00A6563B /* String.swift */ = {isa = PBXFileReference; lastKnownFileType = sourcecode.swift; path = String.swift; sourceTree = "<group>"; };
		A56DDE3A2817E6CD00A6563B /* Constants.swift */ = {isa = PBXFileReference; lastKnownFileType = sourcecode.swift; path = Constants.swift; sourceTree = "<group>"; };
		A56DDE3E28181C9400A6563B /* OneTimeCodeTextField.swift */ = {isa = PBXFileReference; lastKnownFileType = sourcecode.swift; path = OneTimeCodeTextField.swift; sourceTree = "<group>"; };
		A56DDE4028181CD100A6563B /* OneTimeCodeTextFieldDelegate.swift */ = {isa = PBXFileReference; lastKnownFileType = sourcecode.swift; path = OneTimeCodeTextFieldDelegate.swift; sourceTree = "<group>"; };
		A56E0C9C282A928A0067F4FC /* AdsCollectionViewCell.swift */ = {isa = PBXFileReference; lastKnownFileType = sourcecode.swift; path = AdsCollectionViewCell.swift; sourceTree = "<group>"; };
		A56E0C9E282A93DC0067F4FC /* Adds.swift */ = {isa = PBXFileReference; lastKnownFileType = sourcecode.swift; path = Adds.swift; sourceTree = "<group>"; };
		A56E0CA0282AAC220067F4FC /* Malls.swift */ = {isa = PBXFileReference; lastKnownFileType = sourcecode.swift; path = Malls.swift; sourceTree = "<group>"; };
		A56E0CA2282AACB60067F4FC /* MallsCollectionViewCell.swift */ = {isa = PBXFileReference; lastKnownFileType = sourcecode.swift; path = MallsCollectionViewCell.swift; sourceTree = "<group>"; };
		A5AA9D9228338F5A0009AD27 /* CategoriesCollectionViewCell.swift */ = {isa = PBXFileReference; lastKnownFileType = sourcecode.swift; path = CategoriesCollectionViewCell.swift; sourceTree = "<group>"; };
		A5AA9D942833C4C80009AD27 /* AddAdressView.swift */ = {isa = PBXFileReference; lastKnownFileType = sourcecode.swift; path = AddAdressView.swift; sourceTree = "<group>"; };
		A5AA9D962833C4EB0009AD27 /* AddAdressViewController.swift */ = {isa = PBXFileReference; lastKnownFileType = sourcecode.swift; path = AddAdressViewController.swift; sourceTree = "<group>"; };
/* End PBXFileReference section */

/* Begin PBXFrameworksBuildPhase section */
		A56DDDDF2816B2FA00A6563B /* Frameworks */ = {
			isa = PBXFrameworksBuildPhase;
			buildActionMask = 2147483647;
			files = (
				16FF9418FDB5CD76BC36261B /* Pods_Shop.framework in Frameworks */,
			);
			runOnlyForDeploymentPostprocessing = 0;
		};
/* End PBXFrameworksBuildPhase section */

/* Begin PBXGroup section */
		2B89FEFBFFF75AC5FA0FAF4B /* Frameworks */ = {
			isa = PBXGroup;
			children = (
				3938E6AACECBE05953822E8A /* Pods_Shop.framework */,
			);
			name = Frameworks;
			sourceTree = "<group>";
		};
		4543303504E6B694B355C446 /* Pods */ = {
			isa = PBXGroup;
			children = (
				36F0A92949553C2205EED6BD /* Pods-Shop.debug.xcconfig */,
				6E7BF92014AA55BF345AB04F /* Pods-Shop.release.xcconfig */,
			);
			path = Pods;
			sourceTree = "<group>";
		};
		A53DE73A281A616E00D2C62E /* Cells */ = {
			isa = PBXGroup;
			children = (
				A56DDE352817C1FC00A6563B /* MobileVerifTableViewCell.swift */,
				A56E0C9C282A928A0067F4FC /* AdsCollectionViewCell.swift */,
				A56E0CA2282AACB60067F4FC /* MallsCollectionViewCell.swift */,
				A5AA9D9228338F5A0009AD27 /* CategoriesCollectionViewCell.swift */,
			);
			path = Cells;
			sourceTree = "<group>";
		};
		A56DDDD92816B2FA00A6563B = {
			isa = PBXGroup;
			children = (
				A56DDDE42816B2FA00A6563B /* Shop */,
				A56DDDE32816B2FA00A6563B /* Products */,
				4543303504E6B694B355C446 /* Pods */,
				2B89FEFBFFF75AC5FA0FAF4B /* Frameworks */,
			);
			sourceTree = "<group>";
		};
		A56DDDE32816B2FA00A6563B /* Products */ = {
			isa = PBXGroup;
			children = (
				A56DDDE22816B2FA00A6563B /* Shop.app */,
			);
			name = Products;
			sourceTree = "<group>";
		};
		A56DDDE42816B2FA00A6563B /* Shop */ = {
			isa = PBXGroup;
			children = (
				A56DDDF32816B2FA00A6563B /* Info.plist */,
				A56DDDFA2816B34C00A6563B /* Models */,
				A56DDDFB2816B35500A6563B /* Views */,
				A56DDDFC2816B36100A6563B /* Controllers */,
				A56DDDF92816B32400A6563B /* Extra */,
				A56DDE392817DE5800A6563B /* Extensions */,
			);
			path = Shop;
			sourceTree = "<group>";
		};
		A56DDDF92816B32400A6563B /* Extra */ = {
			isa = PBXGroup;
			children = (
				A56DDE002816C0E900A6563B /* Fonts */,
				A56DDDEE2816B2FA00A6563B /* Assets.xcassets */,
				A56DDDE52816B2FA00A6563B /* AppDelegate.swift */,
				A56DDDE72816B2FA00A6563B /* SceneDelegate.swift */,
				A56DDE3A2817E6CD00A6563B /* Constants.swift */,
			);
			path = Extra;
			sourceTree = "<group>";
		};
		A56DDDFA2816B34C00A6563B /* Models */ = {
			isa = PBXGroup;
			children = (
				A56DDE2B2816FAB100A6563B /* CountriesData.swift */,
				A56E0C9E282A93DC0067F4FC /* Adds.swift */,
				A56E0CA0282AAC220067F4FC /* Malls.swift */,
			);
			path = Models;
			sourceTree = "<group>";
		};
		A56DDDFB2816B35500A6563B /* Views */ = {
			isa = PBXGroup;
			children = (
				A53DE73A281A616E00D2C62E /* Cells */,
				A56DDE292816F3D500A6563B /* Test.storyboard */,
				A56DDDF02816B2FA00A6563B /* LaunchScreen.storyboard */,
				A56DDDFE2816B4C000A6563B /* LoginView.swift */,
				A56DDE252816F0C200A6563B /* PhoneNumbersTableView.swift */,
				A56DDE3E28181C9400A6563B /* OneTimeCodeTextField.swift */,
				A56DDE4028181CD100A6563B /* OneTimeCodeTextFieldDelegate.swift */,
				A56DDE2D28172AF500A6563B /* MobileVeritificationView.swift */,
				A50CDDF72819125800E3DB7C /* MainScreenView.swift */,
				A5AA9D942833C4C80009AD27 /* AddAdressView.swift */,
				A5171A3F283512D700951F94 /* IKnowWhatIWantView.swift */,
			);
			path = Views;
			sourceTree = "<group>";
		};
		A56DDDFC2816B36100A6563B /* Controllers */ = {
			isa = PBXGroup;
			children = (
				A56DDDE92816B2FA00A6563B /* LoginViewController.swift */,
				A56DDE272816F0D600A6563B /* PhoneNumbersTableViewController.swift */,
				A56DDE2F28172B0E00A6563B /* MobileVeritificationViewController.swift */,
				A50CDDF92819225000E3DB7C /* MainScreenViewController.swift */,
				A50CDDFB2819285E00E3DB7C /* SearchViewController.swift */,
				A50CDDFD2819288B00E3DB7C /* OrdersViewController.swift */,
				A50CDDFF281928B500E3DB7C /* NotificationsViewController.swift */,
				A50CDE01281928D100E3DB7C /* ProfileViewController.swift */,
				A5AA9D962833C4EB0009AD27 /* AddAdressViewController.swift */,
				A5171A3D283512BB00951F94 /* IKnowWhatIWantViewController.swift */,
			);
			path = Controllers;
			sourceTree = "<group>";
		};
		A56DDE002816C0E900A6563B /* Fonts */ = {
			isa = PBXGroup;
			children = (
				A56DDE0B2816C11000A6563B /* Poppins-Black.ttf */,
				A56DDE102816C11000A6563B /* Poppins-BlackItalic.ttf */,
				A56DDE072816C11000A6563B /* Poppins-Bold.ttf */,
				A56DDE0C2816C11000A6563B /* Poppins-BoldItalic.ttf */,
				A56DDE032816C10F00A6563B /* Poppins-ExtraBold.ttf */,
				A56DDE0E2816C11000A6563B /* Poppins-ExtraBoldItalic.ttf */,
				A56DDE062816C11000A6563B /* Poppins-ExtraLight.ttf */,
				A56DDE052816C11000A6563B /* Poppins-ExtraLightItalic.ttf */,
				A56DDE082816C11000A6563B /* Poppins-Italic.ttf */,
				A56DDE092816C11000A6563B /* Poppins-Light.ttf */,
				A56DDE022816C10F00A6563B /* Poppins-LightItalic.ttf */,
				A56DDE042816C11000A6563B /* Poppins-Medium.ttf */,
				A56DDE122816C11000A6563B /* Poppins-MediumItalic.ttf */,
				A56DDE0D2816C11000A6563B /* Poppins-Regular.ttf */,
				A56DDE112816C11000A6563B /* Poppins-SemiBold.ttf */,
				A56DDE0A2816C11000A6563B /* Poppins-SemiBoldItalic.ttf */,
				A56DDE0F2816C11000A6563B /* Poppins-Thin.ttf */,
				A56DDE012816C10F00A6563B /* Poppins-ThinItalic.ttf */,
			);
			path = Fonts;
			sourceTree = "<group>";
		};
		A56DDE392817DE5800A6563B /* Extensions */ = {
			isa = PBXGroup;
			children = (
				A56DDE372817DE4B00A6563B /* String.swift */,
			);
			path = Extensions;
			sourceTree = "<group>";
		};
/* End PBXGroup section */

/* Begin PBXNativeTarget section */
		A56DDDE12816B2FA00A6563B /* Shop */ = {
			isa = PBXNativeTarget;
			buildConfigurationList = A56DDDF62816B2FA00A6563B /* Build configuration list for PBXNativeTarget "Shop" */;
			buildPhases = (
				915B89CC3C591F971D1A4D24 /* [CP] Check Pods Manifest.lock */,
				A56DDDDE2816B2FA00A6563B /* Sources */,
				A56DDDDF2816B2FA00A6563B /* Frameworks */,
				A56DDDE02816B2FA00A6563B /* Resources */,
				939E335565D8DBCD18114082 /* [CP] Embed Pods Frameworks */,
			);
			buildRules = (
			);
			dependencies = (
			);
			name = Shop;
			productName = Shop;
			productReference = A56DDDE22816B2FA00A6563B /* Shop.app */;
			productType = "com.apple.product-type.application";
		};
/* End PBXNativeTarget section */

/* Begin PBXProject section */
		A56DDDDA2816B2FA00A6563B /* Project object */ = {
			isa = PBXProject;
			attributes = {
				BuildIndependentTargetsInParallel = 1;
				LastSwiftUpdateCheck = 1330;
				LastUpgradeCheck = 1330;
				TargetAttributes = {
					A56DDDE12816B2FA00A6563B = {
						CreatedOnToolsVersion = 13.3.1;
					};
				};
			};
			buildConfigurationList = A56DDDDD2816B2FA00A6563B /* Build configuration list for PBXProject "Shop" */;
			compatibilityVersion = "Xcode 13.0";
			developmentRegion = en;
			hasScannedForEncodings = 0;
			knownRegions = (
				en,
				Base,
			);
			mainGroup = A56DDDD92816B2FA00A6563B;
			productRefGroup = A56DDDE32816B2FA00A6563B /* Products */;
			projectDirPath = "";
			projectRoot = "";
			targets = (
				A56DDDE12816B2FA00A6563B /* Shop */,
			);
		};
/* End PBXProject section */

/* Begin PBXResourcesBuildPhase section */
		A56DDDE02816B2FA00A6563B /* Resources */ = {
			isa = PBXResourcesBuildPhase;
			buildActionMask = 2147483647;
			files = (
				A56DDE182816C14300A6563B /* Poppins-ExtraBoldItalic.ttf in Resources */,
				A56DDE1E2816C15700A6563B /* Poppins-Thin.ttf in Resources */,
				A56DDE1D2816C15000A6563B /* Poppins-LightItalic.ttf in Resources */,
				A56DDE142816C13700A6563B /* Poppins-BlackItalic.ttf in Resources */,
				A56DDE212816C15700A6563B /* Poppins-SemiBoldItalic.ttf in Resources */,
				A56DDE232816C15700A6563B /* Poppins-SemiBold.ttf in Resources */,
				A56DDE1F2816C15700A6563B /* Poppins-MediumItalic.ttf in Resources */,
				A56DDE202816C15700A6563B /* Poppins-Medium.ttf in Resources */,
				A56DDE1A2816C14800A6563B /* Poppins-ExtraLightItalic.ttf in Resources */,
				A56DDDF22816B2FA00A6563B /* LaunchScreen.storyboard in Resources */,
				A56DDE192816C14500A6563B /* Poppins-ExtraLight.ttf in Resources */,
				A56DDE132816C13400A6563B /* Poppins-Bold.ttf in Resources */,
				A56DDE2A2816F3D500A6563B /* Test.storyboard in Resources */,
				A56DDE172816C14100A6563B /* Poppins-ExtraBold.ttf in Resources */,
				A56DDE1C2816C14E00A6563B /* Poppins-Light.ttf in Resources */,
				A56DDE1B2816C14B00A6563B /* Poppins-Italic.ttf in Resources */,
				A56DDE162816C13E00A6563B /* Poppins-BoldItalic.ttf in Resources */,
				A56DDE222816C15700A6563B /* Poppins-ThinItalic.ttf in Resources */,
				A56DDDEF2816B2FA00A6563B /* Assets.xcassets in Resources */,
				A56DDE152816C13B00A6563B /* Poppins-Black.ttf in Resources */,
				A56DDE242816C15700A6563B /* Poppins-Regular.ttf in Resources */,
			);
			runOnlyForDeploymentPostprocessing = 0;
		};
/* End PBXResourcesBuildPhase section */

/* Begin PBXShellScriptBuildPhase section */
		915B89CC3C591F971D1A4D24 /* [CP] Check Pods Manifest.lock */ = {
			isa = PBXShellScriptBuildPhase;
			buildActionMask = 2147483647;
			files = (
			);
			inputFileListPaths = (
			);
			inputPaths = (
				"${PODS_PODFILE_DIR_PATH}/Podfile.lock",
				"${PODS_ROOT}/Manifest.lock",
			);
			name = "[CP] Check Pods Manifest.lock";
			outputFileListPaths = (
			);
			outputPaths = (
				"$(DERIVED_FILE_DIR)/Pods-Shop-checkManifestLockResult.txt",
			);
			runOnlyForDeploymentPostprocessing = 0;
			shellPath = /bin/sh;
			shellScript = "diff \"${PODS_PODFILE_DIR_PATH}/Podfile.lock\" \"${PODS_ROOT}/Manifest.lock\" > /dev/null\nif [ $? != 0 ] ; then\n    # print error to STDERR\n    echo \"error: The sandbox is not in sync with the Podfile.lock. Run 'pod install' or update your CocoaPods installation.\" >&2\n    exit 1\nfi\n# This output is used by Xcode 'outputs' to avoid re-running this script phase.\necho \"SUCCESS\" > \"${SCRIPT_OUTPUT_FILE_0}\"\n";
			showEnvVarsInLog = 0;
		};
		939E335565D8DBCD18114082 /* [CP] Embed Pods Frameworks */ = {
			isa = PBXShellScriptBuildPhase;
			buildActionMask = 2147483647;
			files = (
			);
			inputFileListPaths = (
				"${PODS_ROOT}/Target Support Files/Pods-Shop/Pods-Shop-frameworks-${CONFIGURATION}-input-files.xcfilelist",
			);
			name = "[CP] Embed Pods Frameworks";
			outputFileListPaths = (
				"${PODS_ROOT}/Target Support Files/Pods-Shop/Pods-Shop-frameworks-${CONFIGURATION}-output-files.xcfilelist",
			);
			runOnlyForDeploymentPostprocessing = 0;
			shellPath = /bin/sh;
			shellScript = "\"${PODS_ROOT}/Target Support Files/Pods-Shop/Pods-Shop-frameworks.sh\"\n";
			showEnvVarsInLog = 0;
		};
/* End PBXShellScriptBuildPhase section */

/* Begin PBXSourcesBuildPhase section */
		A56DDDDE2816B2FA00A6563B /* Sources */ = {
			isa = PBXSourcesBuildPhase;
			buildActionMask = 2147483647;
			files = (
				A50CDE00281928B500E3DB7C /* NotificationsViewController.swift in Sources */,
				A56DDE362817C1FC00A6563B /* MobileVerifTableViewCell.swift in Sources */,
				A50CDE02281928D100E3DB7C /* ProfileViewController.swift in Sources */,
				A56DDE382817DE4B00A6563B /* String.swift in Sources */,
				A5AA9D9328338F5A0009AD27 /* CategoriesCollectionViewCell.swift in Sources */,
				A56DDDEA2816B2FA00A6563B /* LoginViewController.swift in Sources */,
				A50CDDFC2819285E00E3DB7C /* SearchViewController.swift in Sources */,
				A56DDE4128181CD100A6563B /* OneTimeCodeTextFieldDelegate.swift in Sources */,
				A56E0CA1282AAC220067F4FC /* Malls.swift in Sources */,
				A56DDDE62816B2FA00A6563B /* AppDelegate.swift in Sources */,
				A5AA9D952833C4C80009AD27 /* AddAdressView.swift in Sources */,
				A5171A3E283512BB00951F94 /* IKnowWhatIWantViewController.swift in Sources */,
				A56DDE3F28181C9400A6563B /* OneTimeCodeTextField.swift in Sources */,
				A56DDDFF2816B4C000A6563B /* LoginView.swift in Sources */,
				A56DDE282816F0D600A6563B /* PhoneNumbersTableViewController.swift in Sources */,
				A56E0C9F282A93DC0067F4FC /* Adds.swift in Sources */,
				A50CDDF82819125800E3DB7C /* MainScreenView.swift in Sources */,
				A56DDE2E28172AF600A6563B /* MobileVeritificationView.swift in Sources */,
				A56DDE3028172B0F00A6563B /* MobileVeritificationViewController.swift in Sources */,
				A56E0CA3282AACB60067F4FC /* MallsCollectionViewCell.swift in Sources */,
				A5AA9D972833C4EB0009AD27 /* AddAdressViewController.swift in Sources */,
				A56DDDE82816B2FA00A6563B /* SceneDelegate.swift in Sources */,
				A50CDDFE2819288B00E3DB7C /* OrdersViewController.swift in Sources */,
				A56DDE2C2816FAB100A6563B /* CountriesData.swift in Sources */,
				A50CDDFA2819225000E3DB7C /* MainScreenViewController.swift in Sources */,
				A56E0C9D282A928A0067F4FC /* AdsCollectionViewCell.swift in Sources */,
				A56DDE262816F0C200A6563B /* PhoneNumbersTableView.swift in Sources */,
				A5171A40283512D700951F94 /* IKnowWhatIWantView.swift in Sources */,
				A56DDE3B2817E6CD00A6563B /* Constants.swift in Sources */,
			);
			runOnlyForDeploymentPostprocessing = 0;
		};
/* End PBXSourcesBuildPhase section */

/* Begin PBXVariantGroup section */
		A56DDDF02816B2FA00A6563B /* LaunchScreen.storyboard */ = {
			isa = PBXVariantGroup;
			children = (
				A56DDDF12816B2FA00A6563B /* Base */,
			);
			name = LaunchScreen.storyboard;
			sourceTree = "<group>";
		};
/* End PBXVariantGroup section */

/* Begin XCBuildConfiguration section */
		A56DDDF42816B2FA00A6563B /* Debug */ = {
			isa = XCBuildConfiguration;
			buildSettings = {
				ALWAYS_SEARCH_USER_PATHS = NO;
				CLANG_ANALYZER_NONNULL = YES;
				CLANG_ANALYZER_NUMBER_OBJECT_CONVERSION = YES_AGGRESSIVE;
				CLANG_CXX_LANGUAGE_STANDARD = "gnu++17";
				CLANG_ENABLE_MODULES = YES;
				CLANG_ENABLE_OBJC_ARC = YES;
				CLANG_ENABLE_OBJC_WEAK = YES;
				CLANG_WARN_BLOCK_CAPTURE_AUTORELEASING = YES;
				CLANG_WARN_BOOL_CONVERSION = YES;
				CLANG_WARN_COMMA = YES;
				CLANG_WARN_CONSTANT_CONVERSION = YES;
				CLANG_WARN_DEPRECATED_OBJC_IMPLEMENTATIONS = YES;
				CLANG_WARN_DIRECT_OBJC_ISA_USAGE = YES_ERROR;
				CLANG_WARN_DOCUMENTATION_COMMENTS = YES;
				CLANG_WARN_EMPTY_BODY = YES;
				CLANG_WARN_ENUM_CONVERSION = YES;
				CLANG_WARN_INFINITE_RECURSION = YES;
				CLANG_WARN_INT_CONVERSION = YES;
				CLANG_WARN_NON_LITERAL_NULL_CONVERSION = YES;
				CLANG_WARN_OBJC_IMPLICIT_RETAIN_SELF = YES;
				CLANG_WARN_OBJC_LITERAL_CONVERSION = YES;
				CLANG_WARN_OBJC_ROOT_CLASS = YES_ERROR;
				CLANG_WARN_QUOTED_INCLUDE_IN_FRAMEWORK_HEADER = YES;
				CLANG_WARN_RANGE_LOOP_ANALYSIS = YES;
				CLANG_WARN_STRICT_PROTOTYPES = YES;
				CLANG_WARN_SUSPICIOUS_MOVE = YES;
				CLANG_WARN_UNGUARDED_AVAILABILITY = YES_AGGRESSIVE;
				CLANG_WARN_UNREACHABLE_CODE = YES;
				CLANG_WARN__DUPLICATE_METHOD_MATCH = YES;
				COPY_PHASE_STRIP = NO;
				DEBUG_INFORMATION_FORMAT = dwarf;
				ENABLE_STRICT_OBJC_MSGSEND = YES;
				ENABLE_TESTABILITY = YES;
				GCC_C_LANGUAGE_STANDARD = gnu11;
				GCC_DYNAMIC_NO_PIC = NO;
				GCC_NO_COMMON_BLOCKS = YES;
				GCC_OPTIMIZATION_LEVEL = 0;
				GCC_PREPROCESSOR_DEFINITIONS = (
					"DEBUG=1",
					"$(inherited)",
				);
				GCC_WARN_64_TO_32_BIT_CONVERSION = YES;
				GCC_WARN_ABOUT_RETURN_TYPE = YES_ERROR;
				GCC_WARN_UNDECLARED_SELECTOR = YES;
				GCC_WARN_UNINITIALIZED_AUTOS = YES_AGGRESSIVE;
				GCC_WARN_UNUSED_FUNCTION = YES;
				GCC_WARN_UNUSED_VARIABLE = YES;
				IPHONEOS_DEPLOYMENT_TARGET = 15.4;
				MTL_ENABLE_DEBUG_INFO = INCLUDE_SOURCE;
				MTL_FAST_MATH = YES;
				ONLY_ACTIVE_ARCH = YES;
				SDKROOT = iphoneos;
				SWIFT_ACTIVE_COMPILATION_CONDITIONS = DEBUG;
				SWIFT_OPTIMIZATION_LEVEL = "-Onone";
			};
			name = Debug;
		};
		A56DDDF52816B2FA00A6563B /* Release */ = {
			isa = XCBuildConfiguration;
			buildSettings = {
				ALWAYS_SEARCH_USER_PATHS = NO;
				CLANG_ANALYZER_NONNULL = YES;
				CLANG_ANALYZER_NUMBER_OBJECT_CONVERSION = YES_AGGRESSIVE;
				CLANG_CXX_LANGUAGE_STANDARD = "gnu++17";
				CLANG_ENABLE_MODULES = YES;
				CLANG_ENABLE_OBJC_ARC = YES;
				CLANG_ENABLE_OBJC_WEAK = YES;
				CLANG_WARN_BLOCK_CAPTURE_AUTORELEASING = YES;
				CLANG_WARN_BOOL_CONVERSION = YES;
				CLANG_WARN_COMMA = YES;
				CLANG_WARN_CONSTANT_CONVERSION = YES;
				CLANG_WARN_DEPRECATED_OBJC_IMPLEMENTATIONS = YES;
				CLANG_WARN_DIRECT_OBJC_ISA_USAGE = YES_ERROR;
				CLANG_WARN_DOCUMENTATION_COMMENTS = YES;
				CLANG_WARN_EMPTY_BODY = YES;
				CLANG_WARN_ENUM_CONVERSION = YES;
				CLANG_WARN_INFINITE_RECURSION = YES;
				CLANG_WARN_INT_CONVERSION = YES;
				CLANG_WARN_NON_LITERAL_NULL_CONVERSION = YES;
				CLANG_WARN_OBJC_IMPLICIT_RETAIN_SELF = YES;
				CLANG_WARN_OBJC_LITERAL_CONVERSION = YES;
				CLANG_WARN_OBJC_ROOT_CLASS = YES_ERROR;
				CLANG_WARN_QUOTED_INCLUDE_IN_FRAMEWORK_HEADER = YES;
				CLANG_WARN_RANGE_LOOP_ANALYSIS = YES;
				CLANG_WARN_STRICT_PROTOTYPES = YES;
				CLANG_WARN_SUSPICIOUS_MOVE = YES;
				CLANG_WARN_UNGUARDED_AVAILABILITY = YES_AGGRESSIVE;
				CLANG_WARN_UNREACHABLE_CODE = YES;
				CLANG_WARN__DUPLICATE_METHOD_MATCH = YES;
				COPY_PHASE_STRIP = NO;
				DEBUG_INFORMATION_FORMAT = "dwarf-with-dsym";
				ENABLE_NS_ASSERTIONS = NO;
				ENABLE_STRICT_OBJC_MSGSEND = YES;
				GCC_C_LANGUAGE_STANDARD = gnu11;
				GCC_NO_COMMON_BLOCKS = YES;
				GCC_WARN_64_TO_32_BIT_CONVERSION = YES;
				GCC_WARN_ABOUT_RETURN_TYPE = YES_ERROR;
				GCC_WARN_UNDECLARED_SELECTOR = YES;
				GCC_WARN_UNINITIALIZED_AUTOS = YES_AGGRESSIVE;
				GCC_WARN_UNUSED_FUNCTION = YES;
				GCC_WARN_UNUSED_VARIABLE = YES;
				IPHONEOS_DEPLOYMENT_TARGET = 15.4;
				MTL_ENABLE_DEBUG_INFO = NO;
				MTL_FAST_MATH = YES;
				SDKROOT = iphoneos;
				SWIFT_COMPILATION_MODE = wholemodule;
				SWIFT_OPTIMIZATION_LEVEL = "-O";
				VALIDATE_PRODUCT = YES;
			};
			name = Release;
		};
		A56DDDF72816B2FA00A6563B /* Debug */ = {
			isa = XCBuildConfiguration;
			baseConfigurationReference = 36F0A92949553C2205EED6BD /* Pods-Shop.debug.xcconfig */;
			buildSettings = {
				ASSETCATALOG_COMPILER_APPICON_NAME = AppIcon;
				ASSETCATALOG_COMPILER_GLOBAL_ACCENT_COLOR_NAME = AccentColor;
				CODE_SIGN_STYLE = Automatic;
				CURRENT_PROJECT_VERSION = 1;
				DEVELOPMENT_TEAM = HJ2ZQVYQZ6;
				GENERATE_INFOPLIST_FILE = YES;
				INFOPLIST_FILE = Shop/Info.plist;
				INFOPLIST_KEY_UIApplicationSupportsIndirectInputEvents = YES;
				INFOPLIST_KEY_UILaunchStoryboardName = LaunchScreen;
				INFOPLIST_KEY_UISupportedInterfaceOrientations = UIInterfaceOrientationPortrait;
				INFOPLIST_KEY_UISupportedInterfaceOrientations_iPad = "UIInterfaceOrientationPortrait UIInterfaceOrientationPortraitUpsideDown UIInterfaceOrientationLandscapeLeft UIInterfaceOrientationLandscapeRight";
				INFOPLIST_KEY_UISupportedInterfaceOrientations_iPhone = "UIInterfaceOrientationPortrait UIInterfaceOrientationLandscapeLeft UIInterfaceOrientationLandscapeRight";
				IPHONEOS_DEPLOYMENT_TARGET = 15.5;
				LD_RUNPATH_SEARCH_PATHS = (
					"$(inherited)",
					"@executable_path/Frameworks",
				);
				MARKETING_VERSION = 1.0;
				PRODUCT_BUNDLE_IDENTIFIER = demyan.Shop;
				PRODUCT_NAME = "$(TARGET_NAME)";
				SWIFT_EMIT_LOC_STRINGS = YES;
				SWIFT_VERSION = 5.0;
				TARGETED_DEVICE_FAMILY = 1;
			};
			name = Debug;
		};
		A56DDDF82816B2FA00A6563B /* Release */ = {
			isa = XCBuildConfiguration;
			baseConfigurationReference = 6E7BF92014AA55BF345AB04F /* Pods-Shop.release.xcconfig */;
			buildSettings = {
				ASSETCATALOG_COMPILER_APPICON_NAME = AppIcon;
				ASSETCATALOG_COMPILER_GLOBAL_ACCENT_COLOR_NAME = AccentColor;
				CODE_SIGN_STYLE = Automatic;
				CURRENT_PROJECT_VERSION = 1;
				DEVELOPMENT_TEAM = HJ2ZQVYQZ6;
				GENERATE_INFOPLIST_FILE = YES;
				INFOPLIST_FILE = Shop/Info.plist;
				INFOPLIST_KEY_UIApplicationSupportsIndirectInputEvents = YES;
				INFOPLIST_KEY_UILaunchStoryboardName = LaunchScreen;
				INFOPLIST_KEY_UISupportedInterfaceOrientations = UIInterfaceOrientationPortrait;
				INFOPLIST_KEY_UISupportedInterfaceOrientations_iPad = "UIInterfaceOrientationPortrait UIInterfaceOrientationPortraitUpsideDown UIInterfaceOrientationLandscapeLeft UIInterfaceOrientationLandscapeRight";
				INFOPLIST_KEY_UISupportedInterfaceOrientations_iPhone = "UIInterfaceOrientationPortrait UIInterfaceOrientationLandscapeLeft UIInterfaceOrientationLandscapeRight";
				IPHONEOS_DEPLOYMENT_TARGET = 15.5;
				LD_RUNPATH_SEARCH_PATHS = (
					"$(inherited)",
					"@executable_path/Frameworks",
				);
				MARKETING_VERSION = 1.0;
				PRODUCT_BUNDLE_IDENTIFIER = demyan.Shop;
				PRODUCT_NAME = "$(TARGET_NAME)";
				SWIFT_EMIT_LOC_STRINGS = YES;
				SWIFT_VERSION = 5.0;
				TARGETED_DEVICE_FAMILY = 1;
			};
			name = Release;
		};
/* End XCBuildConfiguration section */

/* Begin XCConfigurationList section */
		A56DDDDD2816B2FA00A6563B /* Build configuration list for PBXProject "Shop" */ = {
			isa = XCConfigurationList;
			buildConfigurations = (
				A56DDDF42816B2FA00A6563B /* Debug */,
				A56DDDF52816B2FA00A6563B /* Release */,
			);
			defaultConfigurationIsVisible = 0;
			defaultConfigurationName = Release;
		};
		A56DDDF62816B2FA00A6563B /* Build configuration list for PBXNativeTarget "Shop" */ = {
			isa = XCConfigurationList;
			buildConfigurations = (
				A56DDDF72816B2FA00A6563B /* Debug */,
				A56DDDF82816B2FA00A6563B /* Release */,
			);
			defaultConfigurationIsVisible = 0;
			defaultConfigurationName = Release;
		};
/* End XCConfigurationList section */
	};
	rootObject = A56DDDDA2816B2FA00A6563B /* Project object */;
}
